
Microsoft Visual Studio Solution File, Format Version 12.00
# Visual Studio Version 17
VisualStudioVersion = 17.5.33627.172
MinimumVisualStudioVersion = 10.0.40219.1
Project("{FAE04EC0-301F-11D3-BF4B-00C04F79EFBC}") = "01.ArrayList", "01.ArrayList\01.ArrayList.csproj", "{78CED3F0-8ED1-4AF0-8E09-2B174800356E}"
EndProject
Project("{FAE04EC0-301F-11D3-BF4B-00C04F79EFBC}") = "02.ArrayList", "02.ArrayList\02.ArrayList.csproj", "{2B0660AC-ECD9-4145-9D96-7B429793D1E6}"
EndProject
Project("{FAE04EC0-301F-11D3-BF4B-00C04F79EFBC}") = "03.ArrayList", "03.ArrayList\03.ArrayList.csproj", "{C953E6C4-2F1D-4FBF-8A9B-A80E5EF55D14}"
EndProject
Project("{FAE04EC0-301F-11D3-BF4B-00C04F79EFBC}") = "04.ArrayList", "04.ArrayList\04.ArrayList.csproj", "{C5C2A44D-0BAD-4446-8FFB-CD26370DF570}"
EndProject
Project("{FAE04EC0-301F-11D3-BF4B-00C04F79EFBC}") = "05.Queue", "05.Queue\05.Queue.csproj", "{315F3F7A-8B71-4ACF-9864-9556262A56A4}"
EndProject
Project("{FAE04EC0-301F-11D3-BF4B-00C04F79EFBC}") = "06.Queue", "06.Queue\06.Queue.csproj", "{072D2F1E-416E-4D45-BA8F-0B99941B7DDC}"
EndProject
Project("{FAE04EC0-301F-11D3-BF4B-00C04F79EFBC}") = "07.Queue", "07.Queue\07.Queue.csproj", "{50EE70AE-F803-48D6-BC5A-777BED3CB0D5}"
EndProject
Project("{FAE04EC0-301F-11D3-BF4B-00C04F79EFBC}") = "08.Stack", "08.Stack\08.Stack.csproj", "{FB5B8A9B-F9F1-46BF-907E-E9292F60B9EE}"
EndProject
Project("{FAE04EC0-301F-11D3-BF4B-00C04F79EFBC}") = "09.Stack", "09.Stack\09.Stack.csproj", "{05E0F119-70B2-4099-A7D1-C2B4F2DC3102}"
EndProject
Project("{FAE04EC0-301F-11D3-BF4B-00C04F79EFBC}") = "10.Hashtable", "10.Hashtable\10.Hashtable.csproj", "{CAA0DC4B-5044-4158-BF1F-4A02984D21C7}"
EndProject
Project("{FAE04EC0-301F-11D3-BF4B-00C04F79EFBC}") = "11.Hashtable", "11.Hashtable\11.Hashtable.csproj", "{61794D86-B201-4509-8A9C-8748A03B9BD3}"
EndProject
Project("{FAE04EC0-301F-11D3-BF4B-00C04F79EFBC}") = "12.Hashtable", "12.Hashtable\12.Hashtable.csproj", "{79B6B2CF-B4D0-4BDB-B490-56177160378C}"
EndProject
Project("{FAE04EC0-301F-11D3-BF4B-00C04F79EFBC}") = "13.Hashtable", "13.Hashtable\13.Hashtable.csproj", "{6B363E3B-399E-48CE-83EC-219EAC0CA016}"
EndProject
Project("{FAE04EC0-301F-11D3-BF4B-00C04F79EFBC}") = "14.Hashtable", "14.Hashtable\14.Hashtable.csproj", "{7C0FE695-5D9E-44C9-8C7A-5591E0538F93}"
EndProject
Project("{FAE04EC0-301F-11D3-BF4B-00C04F79EFBC}") = "15.IEqualityComparer", "15.Hashtable\15.IEqualityComparer.csproj", "{4FD75EC0-7FFC-4517-86B6-E17C25CE5459}"
EndProject
Project("{FAE04EC0-301F-11D3-BF4B-00C04F79EFBC}") = "16.SortedList", "16.SortedList\16.SortedList.csproj", "{DE4D8FFE-33B0-47BC-9EF6-F67F25E9FF5F}"
EndProject
Project("{FAE04EC0-301F-11D3-BF4B-00C04F79EFBC}") = "17.SortedList", "17.SortedList\17.SortedList.csproj", "{DD6559BB-15F5-4FF0-A500-9D7657CD735E}"
EndProject
Project("{FAE04EC0-301F-11D3-BF4B-00C04F79EFBC}") = "18.ListDictionary", "18.ListDictionary\18.ListDictionary.csproj", "{4D104BEA-A5AA-4631-A9FF-B2F7ACA93F6E}"
EndProject
Project("{FAE04EC0-301F-11D3-BF4B-00C04F79EFBC}") = "19.HybridDictionary", "19.HybridDictionary\19.HybridDictionary.csproj", "{24295D47-BD3D-42DC-80B3-77021911958B}"
EndProject
Project("{FAE04EC0-301F-11D3-BF4B-00C04F79EFBC}") = "20.OrderedDictionary", "20.OrderedDictionary\20.OrderedDictionary.csproj", "{71A7D21E-B3AE-480A-8662-BB8C65CF59DC}"
EndProject
Project("{FAE04EC0-301F-11D3-BF4B-00C04F79EFBC}") = "21.ListGen", "21.ListGen\21.ListGen.csproj", "{21AA4EAC-A50E-4D07-AA2D-168C193EDAD8}"
EndProject
Project("{FAE04EC0-301F-11D3-BF4B-00C04F79EFBC}") = "22.QueueAndStackGen", "22.QueueAndStackGen\22.QueueAndStackGen.csproj", "{1983E4DE-E6BF-4C25-B52C-C02060E094AB}"
EndProject
Project("{FAE04EC0-301F-11D3-BF4B-00C04F79EFBC}") = "23.DictionaryGen", "23.DictionaryGen\23.DictionaryGen.csproj", "{18B2AF52-C1CF-402D-B918-B14724C6C7B4}"
EndProject
Project("{FAE04EC0-301F-11D3-BF4B-00C04F79EFBC}") = "24.SortedListGen", "24.SortedListGen\24.SortedListGen.csproj", "{77823239-95D4-423C-ADBB-FBEF773C637A}"
EndProject
Project("{FAE04EC0-301F-11D3-BF4B-00C04F79EFBC}") = "25.SortedDictionaryGen", "25.SortedDictionaryGen\25.SortedDictionaryGen.csproj", "{5000E524-DE1C-4FB2-B779-9E24F1EB283A}"
EndProject
Project("{FAE04EC0-301F-11D3-BF4B-00C04F79EFBC}") = "26.LinkedList", "26.LinkedList\26.LinkedList.csproj", "{319575DE-111C-4377-9F5C-5D93F7E902D5}"
EndProject
Global
	GlobalSection(SolutionConfigurationPlatforms) = preSolution
		Debug|Any CPU = Debug|Any CPU
		Release|Any CPU = Release|Any CPU
	EndGlobalSection
	GlobalSection(ProjectConfigurationPlatforms) = postSolution
		{78CED3F0-8ED1-4AF0-8E09-2B174800356E}.Debug|Any CPU.ActiveCfg = Debug|Any CPU
		{78CED3F0-8ED1-4AF0-8E09-2B174800356E}.Debug|Any CPU.Build.0 = Debug|Any CPU
		{78CED3F0-8ED1-4AF0-8E09-2B174800356E}.Release|Any CPU.ActiveCfg = Release|Any CPU
		{78CED3F0-8ED1-4AF0-8E09-2B174800356E}.Release|Any CPU.Build.0 = Release|Any CPU
		{2B0660AC-ECD9-4145-9D96-7B429793D1E6}.Debug|Any CPU.ActiveCfg = Debug|Any CPU
		{2B0660AC-ECD9-4145-9D96-7B429793D1E6}.Debug|Any CPU.Build.0 = Debug|Any CPU
		{2B0660AC-ECD9-4145-9D96-7B429793D1E6}.Release|Any CPU.ActiveCfg = Release|Any CPU
		{2B0660AC-ECD9-4145-9D96-7B429793D1E6}.Release|Any CPU.Build.0 = Release|Any CPU
		{C953E6C4-2F1D-4FBF-8A9B-A80E5EF55D14}.Debug|Any CPU.ActiveCfg = Debug|Any CPU
		{C953E6C4-2F1D-4FBF-8A9B-A80E5EF55D14}.Debug|Any CPU.Build.0 = Debug|Any CPU
		{C953E6C4-2F1D-4FBF-8A9B-A80E5EF55D14}.Release|Any CPU.ActiveCfg = Release|Any CPU
		{C953E6C4-2F1D-4FBF-8A9B-A80E5EF55D14}.Release|Any CPU.Build.0 = Release|Any CPU
		{C5C2A44D-0BAD-4446-8FFB-CD26370DF570}.Debug|Any CPU.ActiveCfg = Debug|Any CPU
		{C5C2A44D-0BAD-4446-8FFB-CD26370DF570}.Debug|Any CPU.Build.0 = Debug|Any CPU
		{C5C2A44D-0BAD-4446-8FFB-CD26370DF570}.Release|Any CPU.ActiveCfg = Release|Any CPU
		{C5C2A44D-0BAD-4446-8FFB-CD26370DF570}.Release|Any CPU.Build.0 = Release|Any CPU
		{315F3F7A-8B71-4ACF-9864-9556262A56A4}.Debug|Any CPU.ActiveCfg = Debug|Any CPU
		{315F3F7A-8B71-4ACF-9864-9556262A56A4}.Debug|Any CPU.Build.0 = Debug|Any CPU
		{315F3F7A-8B71-4ACF-9864-9556262A56A4}.Release|Any CPU.ActiveCfg = Release|Any CPU
		{315F3F7A-8B71-4ACF-9864-9556262A56A4}.Release|Any CPU.Build.0 = Release|Any CPU
		{072D2F1E-416E-4D45-BA8F-0B99941B7DDC}.Debug|Any CPU.ActiveCfg = Debug|Any CPU
		{072D2F1E-416E-4D45-BA8F-0B99941B7DDC}.Debug|Any CPU.Build.0 = Debug|Any CPU
		{072D2F1E-416E-4D45-BA8F-0B99941B7DDC}.Release|Any CPU.ActiveCfg = Release|Any CPU
		{072D2F1E-416E-4D45-BA8F-0B99941B7DDC}.Release|Any CPU.Build.0 = Release|Any CPU
		{50EE70AE-F803-48D6-BC5A-777BED3CB0D5}.Debug|Any CPU.ActiveCfg = Debug|Any CPU
		{50EE70AE-F803-48D6-BC5A-777BED3CB0D5}.Debug|Any CPU.Build.0 = Debug|Any CPU
		{50EE70AE-F803-48D6-BC5A-777BED3CB0D5}.Release|Any CPU.ActiveCfg = Release|Any CPU
		{50EE70AE-F803-48D6-BC5A-777BED3CB0D5}.Release|Any CPU.Build.0 = Release|Any CPU
		{FB5B8A9B-F9F1-46BF-907E-E9292F60B9EE}.Debug|Any CPU.ActiveCfg = Debug|Any CPU
		{FB5B8A9B-F9F1-46BF-907E-E9292F60B9EE}.Debug|Any CPU.Build.0 = Debug|Any CPU
		{FB5B8A9B-F9F1-46BF-907E-E9292F60B9EE}.Release|Any CPU.ActiveCfg = Release|Any CPU
		{FB5B8A9B-F9F1-46BF-907E-E9292F60B9EE}.Release|Any CPU.Build.0 = Release|Any CPU
		{05E0F119-70B2-4099-A7D1-C2B4F2DC3102}.Debug|Any CPU.ActiveCfg = Debug|Any CPU
		{05E0F119-70B2-4099-A7D1-C2B4F2DC3102}.Debug|Any CPU.Build.0 = Debug|Any CPU
		{05E0F119-70B2-4099-A7D1-C2B4F2DC3102}.Release|Any CPU.ActiveCfg = Release|Any CPU
		{05E0F119-70B2-4099-A7D1-C2B4F2DC3102}.Release|Any CPU.Build.0 = Release|Any CPU
		{CAA0DC4B-5044-4158-BF1F-4A02984D21C7}.Debug|Any CPU.ActiveCfg = Debug|Any CPU
		{CAA0DC4B-5044-4158-BF1F-4A02984D21C7}.Debug|Any CPU.Build.0 = Debug|Any CPU
		{CAA0DC4B-5044-4158-BF1F-4A02984D21C7}.Release|Any CPU.ActiveCfg = Release|Any CPU
		{CAA0DC4B-5044-4158-BF1F-4A02984D21C7}.Release|Any CPU.Build.0 = Release|Any CPU
		{61794D86-B201-4509-8A9C-8748A03B9BD3}.Debug|Any CPU.ActiveCfg = Debug|Any CPU
		{61794D86-B201-4509-8A9C-8748A03B9BD3}.Debug|Any CPU.Build.0 = Debug|Any CPU
		{61794D86-B201-4509-8A9C-8748A03B9BD3}.Release|Any CPU.ActiveCfg = Release|Any CPU
		{61794D86-B201-4509-8A9C-8748A03B9BD3}.Release|Any CPU.Build.0 = Release|Any CPU
		{79B6B2CF-B4D0-4BDB-B490-56177160378C}.Debug|Any CPU.ActiveCfg = Debug|Any CPU
		{79B6B2CF-B4D0-4BDB-B490-56177160378C}.Debug|Any CPU.Build.0 = Debug|Any CPU
		{79B6B2CF-B4D0-4BDB-B490-56177160378C}.Release|Any CPU.ActiveCfg = Release|Any CPU
		{79B6B2CF-B4D0-4BDB-B490-56177160378C}.Release|Any CPU.Build.0 = Release|Any CPU
		{6B363E3B-399E-48CE-83EC-219EAC0CA016}.Debug|Any CPU.ActiveCfg = Debug|Any CPU
		{6B363E3B-399E-48CE-83EC-219EAC0CA016}.Debug|Any CPU.Build.0 = Debug|Any CPU
		{6B363E3B-399E-48CE-83EC-219EAC0CA016}.Release|Any CPU.ActiveCfg = Release|Any CPU
		{6B363E3B-399E-48CE-83EC-219EAC0CA016}.Release|Any CPU.Build.0 = Release|Any CPU
		{7C0FE695-5D9E-44C9-8C7A-5591E0538F93}.Debug|Any CPU.ActiveCfg = Debug|Any CPU
		{7C0FE695-5D9E-44C9-8C7A-5591E0538F93}.Debug|Any CPU.Build.0 = Debug|Any CPU
		{7C0FE695-5D9E-44C9-8C7A-5591E0538F93}.Release|Any CPU.ActiveCfg = Release|Any CPU
		{7C0FE695-5D9E-44C9-8C7A-5591E0538F93}.Release|Any CPU.Build.0 = Release|Any CPU
		{4FD75EC0-7FFC-4517-86B6-E17C25CE5459}.Debug|Any CPU.ActiveCfg = Debug|Any CPU
		{4FD75EC0-7FFC-4517-86B6-E17C25CE5459}.Debug|Any CPU.Build.0 = Debug|Any CPU
		{4FD75EC0-7FFC-4517-86B6-E17C25CE5459}.Release|Any CPU.ActiveCfg = Release|Any CPU
		{4FD75EC0-7FFC-4517-86B6-E17C25CE5459}.Release|Any CPU.Build.0 = Release|Any CPU
		{DE4D8FFE-33B0-47BC-9EF6-F67F25E9FF5F}.Debug|Any CPU.ActiveCfg = Debug|Any CPU
		{DE4D8FFE-33B0-47BC-9EF6-F67F25E9FF5F}.Debug|Any CPU.Build.0 = Debug|Any CPU
		{DE4D8FFE-33B0-47BC-9EF6-F67F25E9FF5F}.Release|Any CPU.ActiveCfg = Release|Any CPU
		{DE4D8FFE-33B0-47BC-9EF6-F67F25E9FF5F}.Release|Any CPU.Build.0 = Release|Any CPU
		{DD6559BB-15F5-4FF0-A500-9D7657CD735E}.Debug|Any CPU.ActiveCfg = Debug|Any CPU
		{DD6559BB-15F5-4FF0-A500-9D7657CD735E}.Debug|Any CPU.Build.0 = Debug|Any CPU
		{DD6559BB-15F5-4FF0-A500-9D7657CD735E}.Release|Any CPU.ActiveCfg = Release|Any CPU
		{DD6559BB-15F5-4FF0-A500-9D7657CD735E}.Release|Any CPU.Build.0 = Release|Any CPU
		{4D104BEA-A5AA-4631-A9FF-B2F7ACA93F6E}.Debug|Any CPU.ActiveCfg = Debug|Any CPU
		{4D104BEA-A5AA-4631-A9FF-B2F7ACA93F6E}.Debug|Any CPU.Build.0 = Debug|Any CPU
		{4D104BEA-A5AA-4631-A9FF-B2F7ACA93F6E}.Release|Any CPU.ActiveCfg = Release|Any CPU
		{4D104BEA-A5AA-4631-A9FF-B2F7ACA93F6E}.Release|Any CPU.Build.0 = Release|Any CPU
		{24295D47-BD3D-42DC-80B3-77021911958B}.Debug|Any CPU.ActiveCfg = Debug|Any CPU
		{24295D47-BD3D-42DC-80B3-77021911958B}.Debug|Any CPU.Build.0 = Debug|Any CPU
		{24295D47-BD3D-42DC-80B3-77021911958B}.Release|Any CPU.ActiveCfg = Release|Any CPU
		{24295D47-BD3D-42DC-80B3-77021911958B}.Release|Any CPU.Build.0 = Release|Any CPU
		{71A7D21E-B3AE-480A-8662-BB8C65CF59DC}.Debug|Any CPU.ActiveCfg = Debug|Any CPU
		{71A7D21E-B3AE-480A-8662-BB8C65CF59DC}.Debug|Any CPU.Build.0 = Debug|Any CPU
		{71A7D21E-B3AE-480A-8662-BB8C65CF59DC}.Release|Any CPU.ActiveCfg = Release|Any CPU
		{71A7D21E-B3AE-480A-8662-BB8C65CF59DC}.Release|Any CPU.Build.0 = Release|Any CPU
		{21AA4EAC-A50E-4D07-AA2D-168C193EDAD8}.Debug|Any CPU.ActiveCfg = Debug|Any CPU
		{21AA4EAC-A50E-4D07-AA2D-168C193EDAD8}.Debug|Any CPU.Build.0 = Debug|Any CPU
		{21AA4EAC-A50E-4D07-AA2D-168C193EDAD8}.Release|Any CPU.ActiveCfg = Release|Any CPU
		{21AA4EAC-A50E-4D07-AA2D-168C193EDAD8}.Release|Any CPU.Build.0 = Release|Any CPU
		{1983E4DE-E6BF-4C25-B52C-C02060E094AB}.Debug|Any CPU.ActiveCfg = Debug|Any CPU
		{1983E4DE-E6BF-4C25-B52C-C02060E094AB}.Debug|Any CPU.Build.0 = Debug|Any CPU
		{1983E4DE-E6BF-4C25-B52C-C02060E094AB}.Release|Any CPU.ActiveCfg = Release|Any CPU
		{1983E4DE-E6BF-4C25-B52C-C02060E094AB}.Release|Any CPU.Build.0 = Release|Any CPU
		{18B2AF52-C1CF-402D-B918-B14724C6C7B4}.Debug|Any CPU.ActiveCfg = Debug|Any CPU
		{18B2AF52-C1CF-402D-B918-B14724C6C7B4}.Debug|Any CPU.Build.0 = Debug|Any CPU
		{18B2AF52-C1CF-402D-B918-B14724C6C7B4}.Release|Any CPU.ActiveCfg = Release|Any CPU
		{18B2AF52-C1CF-402D-B918-B14724C6C7B4}.Release|Any CPU.Build.0 = Release|Any CPU
		{77823239-95D4-423C-ADBB-FBEF773C637A}.Debug|Any CPU.ActiveCfg = Debug|Any CPU
		{77823239-95D4-423C-ADBB-FBEF773C637A}.Debug|Any CPU.Build.0 = Debug|Any CPU
		{77823239-95D4-423C-ADBB-FBEF773C637A}.Release|Any CPU.ActiveCfg = Release|Any CPU
		{77823239-95D4-423C-ADBB-FBEF773C637A}.Release|Any CPU.Build.0 = Release|Any CPU
		{5000E524-DE1C-4FB2-B779-9E24F1EB283A}.Debug|Any CPU.ActiveCfg = Debug|Any CPU
		{5000E524-DE1C-4FB2-B779-9E24F1EB283A}.Debug|Any CPU.Build.0 = Debug|Any CPU
		{5000E524-DE1C-4FB2-B779-9E24F1EB283A}.Release|Any CPU.ActiveCfg = Release|Any CPU
		{5000E524-DE1C-4FB2-B779-9E24F1EB283A}.Release|Any CPU.Build.0 = Release|Any CPU
		{319575DE-111C-4377-9F5C-5D93F7E902D5}.Debug|Any CPU.ActiveCfg = Debug|Any CPU
		{319575DE-111C-4377-9F5C-5D93F7E902D5}.Debug|Any CPU.Build.0 = Debug|Any CPU
		{319575DE-111C-4377-9F5C-5D93F7E902D5}.Release|Any CPU.ActiveCfg = Release|Any CPU
		{319575DE-111C-4377-9F5C-5D93F7E902D5}.Release|Any CPU.Build.0 = Release|Any CPU
	EndGlobalSection
	GlobalSection(SolutionProperties) = preSolution
		HideSolutionNode = FALSE
	EndGlobalSection
	GlobalSection(ExtensibilityGlobals) = postSolution
		SolutionGuid = {EAEC1ABB-95BA-44FD-93D0-163D59CC32DE}
	EndGlobalSection
EndGlobal
